Microsoft Visual Studio Solution File, Format Version 12.00
# Visual Studio Version 17
VisualStudioVersion = 17.5.2.0
MinimumVisualStudioVersion = 10.0.40219.1
Project("{FAE04EC0-301F-11D3-BF4B-00C04F79EFBC}") = "Mini battle", "Mini battle\Mini battle.csproj", "{CDBDD261-CAED-34C6-BB3E-77A19A37DB80}"
EndProject
Global
	GlobalSection(SolutionConfigurationPlatforms) = preSolution
		Debug|Any CPU = Debug|Any CPU
		Release|Any CPU = Release|Any CPU
	EndGlobalSection
	GlobalSection(ProjectConfigurationPlatforms) = postSolution
		{CDBDD261-CAED-34C6-BB3E-77A19A37DB80}.Debug|Any CPU.ActiveCfg = Debug|Any CPU
		{CDBDD261-CAED-34C6-BB3E-77A19A37DB80}.Debug|Any CPU.Build.0 = Debug|Any CPU
		{CDBDD261-CAED-34C6-BB3E-77A19A37DB80}.Release|Any CPU.ActiveCfg = Release|Any CPU
		{CDBDD261-CAED-34C6-BB3E-77A19A37DB80}.Release|Any CPU.Build.0 = Release|Any CPU
	EndGlobalSection
	GlobalSection(SolutionProperties) = preSolution
		HideSolutionNode = FALSE
	EndGlobalSection
	GlobalSection(ExtensibilityGlobals) = postSolution
		SolutionGuid = {4B833273-C109-48E3-91D8-DBD8E8FD2B63}
	EndGlobalSection
EndGlobal
